
Microsoft Visual Studio Solution File, Format Version 12.00
# Visual Studio Version 16
VisualStudioVersion = 16.0.30907.101
MinimumVisualStudioVersion = 10.0.40219.1
Project("{8BC9CEB8-8B4A-11D0-8D11-00A0C91BC942}") = "UACBypassProcHollowSelfDelete", "UACBypassProcHollowSelfDelete\UACBypassProcHollowSelfDelete.vcxproj", "{0766FFD3-00E1-41BF-A14F-B40A3B3F41CB}"
EndProject
Global
	GlobalSection(SolutionConfigurationPlatforms) = preSolution
		Debug|x64 = Debug|x64
		Debug|x86 = Debug|x86
		Release|x64 = Release|x64
		Release|x86 = Release|x86
	EndGlobalSection
	GlobalSection(ProjectConfigurationPlatforms) = postSolution
		{0766FFD3-00E1-41BF-A14F-B40A3B3F41CB}.Debug|x64.ActiveCfg = Debug|x64
		{0766FFD3-00E1-41BF-A14F-B40A3B3F41CB}.Debug|x64.Build.0 = Debug|x64
		{0766FFD3-00E1-41BF-A14F-B40A3B3F41CB}.Debug|x86.ActiveCfg = Debug|Win32
		{0766FFD3-00E1-41BF-A14F-B40A3B3F41CB}.Debug|x86.Build.0 = Debug|Win32
		{0766FFD3-00E1-41BF-A14F-B40A3B3F41CB}.Release|x64.ActiveCfg = Release|x64
		{0766FFD3-00E1-41BF-A14F-B40A3B3F41CB}.Release|x64.Build.0 = Release|x64
		{0766FFD3-00E1-41BF-A14F-B40A3B3F41CB}.Release|x86.ActiveCfg = Release|Win32
		{0766FFD3-00E1-41BF-A14F-B40A3B3F41CB}.Release|x86.Build.0 = Release|Win32
	EndGlobalSection
	GlobalSection(SolutionProperties) = preSolution
		HideSolutionNode = FALSE
	EndGlobalSection
	GlobalSection(ExtensibilityGlobals) = postSolution
		SolutionGuid = {0CE1C6AA-F78B-4134-9F3C-37BC6D7D4A9F}
	EndGlobalSection
EndGlobal
